// !$*UTF8*$!
{
	archiveVersion = 1;
	classes = {
	};
	objectVersion = 46;
	objects = {

/* Begin PBXBuildFile section */
		21124B341BA19DEE00371CBA /* main.m in Sources */ = {isa = PBXBuildFile; fileRef = 21124B331BA19DEE00371CBA /* main.m */; };
		21124B371BA19DEE00371CBA /* AppDelegate.m in Sources */ = {isa = PBXBuildFile; fileRef = 21124B361BA19DEE00371CBA /* AppDelegate.m */; };
		21124B3A1BA19DEE00371CBA /* ViewController.m in Sources */ = {isa = PBXBuildFile; fileRef = 21124B391BA19DEE00371CBA /* ViewController.m */; };
		21124B3D1BA19DEE00371CBA /* Main.storyboard in Resources */ = {isa = PBXBuildFile; fileRef = 21124B3B1BA19DEE00371CBA /* Main.storyboard */; };
		21124B3F1BA19DEE00371CBA /* Images.xcassets in Resources */ = {isa = PBXBuildFile; fileRef = 21124B3E1BA19DEE00371CBA /* Images.xcassets */; };
		21124B421BA19DEE00371CBA /* LaunchScreen.xib in Resources */ = {isa = PBXBuildFile; fileRef = 21124B401BA19DEE00371CBA /* LaunchScreen.xib */; };
		21124B4E1BA19DEE00371CBA /* UI___Tests.m in Sources */ = {isa = PBXBuildFile; fileRef = 21124B4D1BA19DEE00371CBA /* UI___Tests.m */; };
/* End PBXBuildFile section */

/* Begin PBXContainerItemProxy section */
		21124B481BA19DEE00371CBA /* PBXContainerItemProxy */ = {
			isa = PBXContainerItemProxy;
			containerPortal = 21124B261BA19DEE00371CBA /* Project object */;
			proxyType = 1;
			remoteGlobalIDString = 21124B2D1BA19DEE00371CBA;
			remoteInfo = "UI通讯录";
		};
/* End PBXContainerItemProxy section */

/* Begin PBXFileReference section */
		21124B2E1BA19DEE00371CBA /* UI通讯录.app */ = {isa = PBXFileReference; explicitFileType = wrapper.application; includeInIndex = 0; path = "UI通讯录.app"; sourceTree = BUILT_PRODUCTS_DIR; };
		21124B321BA19DEE00371CBA /* Info.plist */ = {isa = PBXFileReference; lastKnownFileType = text.plist.xml; path = Info.plist; sourceTree = "<group>"; };
		21124B331BA19DEE00371CBA /* main.m */ = {isa = PBXFileReference; lastKnownFileType = sourcecode.c.objc; path = main.m; sourceTree = "<group>"; };
		21124B351BA19DEE00371CBA /* AppDelegate.h */ = {isa = PBXFileReference; lastKnownFileType = sourcecode.c.h; path = AppDelegate.h; sourceTree = "<group>"; };
		21124B361BA19DEE00371CBA /* AppDelegate.m */ = {isa = PBXFileReference; lastKnownFileType = sourcecode.c.objc; path = AppDelegate.m; sourceTree = "<group>"; };
		21124B381BA19DEE00371CBA /* ViewController.h */ = {isa = PBXFileReference; lastKnownFileType = sourcecode.c.h; path = ViewController.h; sourceTree = "<group>"; };
		21124B391BA19DEE00371CBA /* ViewController.m */ = {isa = PBXFileReference; lastKnownFileType = sourcecode.c.objc; path = ViewController.m; sourceTree = "<group>"; };
		21124B3C1BA19DEE00371CBA /* Base */ = {isa = PBXFileReference; lastKnownFileType = file.storyboard; name = Base; path = Base.lproj/Main.storyboard; sourceTree = "<group>"; };
		21124B3E1BA19DEE00371CBA /* Images.xcassets */ = {isa = PBXFileReference; lastKnownFileType = folder.assetcatalog; path = Images.xcassets; sourceTree = "<group>"; };
		21124B411BA19DEE00371CBA /* Base */ = {isa = PBXFileReference; lastKnownFileType = file.xib; name = Base; path = Base.lproj/LaunchScreen.xib; sourceTree = "<group>"; };
		21124B471BA19DEE00371CBA /* UI通讯录Tests.xctest */ = {isa = PBXFileReference; explicitFileType = wrapper.cfbundle; includeInIndex = 0; path = "UI通讯录Tests.xctest"; sourceTree = BUILT_PRODUCTS_DIR; };
		21124B4C1BA19DEE00371CBA /* Info.plist */ = {isa = PBXFileReference; lastKnownFileType = text.plist.xml; path = Info.plist; sourceTree = "<group>"; };
		21124B4D1BA19DEE00371CBA /* UI___Tests.m */ = {isa = PBXFileReference; lastKnownFileType = sourcecode.c.objc; path = "UI___Tests.m"; sourceTree = "<group>"; };
/* End PBXFileReference section */

/* Begin PBXFrameworksBuildPhase section */
		21124B2B1BA19DEE00371CBA /* Frameworks */ = {
			isa = PBXFrameworksBuildPhase;
			buildActionMask = 2147483647;
			files = (
			);
			runOnlyForDeploymentPostprocessing = 0;
		};
		21124B441BA19DEE00371CBA /* Frameworks */ = {
			isa = PBXFrameworksBuildPhase;
			buildActionMask = 2147483647;
			files = (
			);
			runOnlyForDeploymentPostprocessing = 0;
		};
/* End PBXFrameworksBuildPhase section */

/* Begin PBXGroup section */
		21124B251BA19DEE00371CBA = {
			isa = PBXGroup;
			children = (
				21124B301BA19DEE00371CBA /* UI通讯录 */,
				21124B4A1BA19DEE00371CBA /* UI通讯录Tests */,
				21124B2F1BA19DEE00371CBA /* Products */,
			);
			sourceTree = "<group>";
		};
		21124B2F1BA19DEE00371CBA /* Products */ = {
			isa = PBXGroup;
			children = (
				21124B2E1BA19DEE00371CBA /* UI通讯录.app */,
				21124B471BA19DEE00371CBA /* UI通讯录Tests.xctest */,
			);
			name = Products;
			sourceTree = "<group>";
		};
		21124B301BA19DEE00371CBA /* UI通讯录 */ = {
			isa = PBXGroup;
			children = (
				21124B351BA19DEE00371CBA /* AppDelegate.h */,
				21124B361BA19DEE00371CBA /* AppDelegate.m */,
				21124B381BA19DEE00371CBA /* ViewController.h */,
				21124B391BA19DEE00371CBA /* ViewController.m */,
				21124B3B1BA19DEE00371CBA /* Main.storyboard */,
				21124B3E1BA19DEE00371CBA /* Images.xcassets */,
				21124B401BA19DEE00371CBA /* LaunchScreen.xib */,
				21124B311BA19DEE00371CBA /* Supporting Files */,
			);
			path = "UI通讯录";
			sourceTree = "<group>";
		};
		21124B311BA19DEE00371CBA /* Supporting Files */ = {
			isa = PBXGroup;
			children = (
				21124B321BA19DEE00371CBA /* Info.plist */,
				21124B331BA19DEE00371CBA /* main.m */,
			);
			name = "Supporting Files";
			sourceTree = "<group>";
		};
		21124B4A1BA19DEE00371CBA /* UI通讯录Tests */ = {
			isa = PBXGroup;
			children = (
				21124B4D1BA19DEE00371CBA /* UI___Tests.m */,
				21124B4B1BA19DEE00371CBA /* Supporting Files */,
			);
			path = "UI通讯录Tests";
			sourceTree = "<group>";
		};
		21124B4B1BA19DEE00371CBA /* Supporting Files */ = {
			isa = PBXGroup;
			children = (
				21124B4C1BA19DEE00371CBA /* Info.plist */,
			);
			name = "Supporting Files";
			sourceTree = "<group>";
		};
/* End PBXGroup section */

/* Begin PBXNativeTarget section */
		21124B2D1BA19DEE00371CBA /* UI通讯录 */ = {
			isa = PBXNativeTarget;
			buildConfigurationList = 21124B511BA19DEE00371CBA /* Build configuration list for PBXNativeTarget "UI通讯录" */;
			buildPhases = (
				21124B2A1BA19DEE00371CBA /* Sources */,
				21124B2B1BA19DEE00371CBA /* Frameworks */,
				21124B2C1BA19DEE00371CBA /* Resources */,
			);
			buildRules = (
			);
			dependencies = (
			);
			name = "UI通讯录";
			productName = "UI通讯录";
			productReference = 21124B2E1BA19DEE00371CBA /* UI通讯录.app */;
			productType = "com.apple.product-type.application";
		};
		21124B461BA19DEE00371CBA /* UI通讯录Tests */ = {
			isa = PBXNativeTarget;
			buildConfigurationList = 21124B541BA19DEE00371CBA /* Build configuration list for PBXNativeTarget "UI通讯录Tests" */;
			buildPhases = (
				21124B431BA19DEE00371CBA /* Sources */,
				21124B441BA19DEE00371CBA /* Frameworks */,
				21124B451BA19DEE00371CBA /* Resources */,
			);
			buildRules = (
			);
			dependencies = (
				21124B491BA19DEE00371CBA /* PBXTargetDependency */,
			);
			name = "UI通讯录Tests";
			productName = "UI通讯录Tests";
			productReference = 21124B471BA19DEE00371CBA /* UI通讯录Tests.xctest */;
			productType = "com.apple.product-type.bundle.unit-test";
		};
/* End PBXNativeTarget section */

/* Begin PBXProject section */
		21124B261BA19DEE00371CBA /* Project object */ = {
			isa = PBXProject;
			attributes = {
				LastUpgradeCheck = 0640;
				ORGANIZATIONNAME = "邢家赫";
				TargetAttributes = {
					21124B2D1BA19DEE00371CBA = {
						CreatedOnToolsVersion = 6.4;
					};
					21124B461BA19DEE00371CBA = {
						CreatedOnToolsVersion = 6.4;
						TestTargetID = 21124B2D1BA19DEE00371CBA;
					};
				};
			};
			buildConfigurationList = 21124B291BA19DEE00371CBA /* Build configuration list for PBXProject "UI通讯录" */;
			compatibilityVersion = "Xcode 3.2";
			developmentRegion = English;
			hasScannedForEncodings = 0;
			knownRegions = (
				en,
				Base,
			);
			mainGroup = 21124B251BA19DEE00371CBA;
			productRefGroup = 21124B2F1BA19DEE00371CBA /* Products */;
			projectDirPath = "";
			projectRoot = "";
			targets = (
				21124B2D1BA19DEE00371CBA /* UI通讯录 */,
				21124B461BA19DEE00371CBA /* UI通讯录Tests */,
			);
		};
/* End PBXProject section */

/* Begin PBXResourcesBuildPhase section */
		21124B2C1BA19DEE00371CBA /* Resources */ = {
			isa = PBXResourcesBuildPhase;
			buildActionMask = 2147483647;
			files = (
				21124B3D1BA19DEE00371CBA /* Main.storyboard in Resources */,
				21124B421BA19DEE00371CBA /* LaunchScreen.xib in Resources */,
				21124B3F1BA19DEE00371CBA /* Images.xcassets in Resources */,
			);
			runOnlyForDeploymentPostprocessing = 0;
		};
		21124B451BA19DEE00371CBA /* Resources */ = {
			isa = PBXResourcesBuildPhase;
			buildActionMask = 2147483647;
			files = (
			);
			runOnlyForDeploymentPostprocessing = 0;
		};
/* End PBXResourcesBuildPhase section */

/* Begin PBXSourcesBuildPhase section */
		21124B2A1BA19DEE00371CBA /* Sources */ = {
			isa = PBXSourcesBuildPhase;
			buildActionMask = 2147483647;
			files = (
				21124B3A1BA19DEE00371CBA /* ViewController.m in Sources */,
				21124B371BA19DEE00371CBA /* AppDelegate.m in Sources */,
				21124B341BA19DEE00371CBA /* main.m in Sources */,
			);
			runOnlyForDeploymentPostprocessing = 0;
		};
		21124B431BA19DEE00371CBA /* Sources */ = {
			isa = PBXSourcesBuildPhase;
			buildActionMask = 2147483647;
			files = (
				21124B4E1BA19DEE00371CBA /* UI___Tests.m in Sources */,
			);
			runOnlyForDeploymentPostprocessing = 0;
		};
/* End PBXSourcesBuildPhase section */

/* Begin PBXTargetDependency section */
		21124B491BA19DEE00371CBA /* PBXTargetDependency */ = {
			isa = PBXTargetDependency;
			target = 21124B2D1BA19DEE00371CBA /* UI通讯录 */;
			targetProxy = 21124B481BA19DEE00371CBA /* PBXContainerItemProxy */;
		};
/* End PBXTargetDependency section */

/* Begin PBXVariantGroup section */
		21124B3B1BA19DEE00371CBA /* Main.storyboard */ = {
			isa = PBXVariantGroup;
			children = (
				21124B3C1BA19DEE00371CBA /* Base */,
			);
			name = Main.storyboard;
			sourceTree = "<group>";
		};
		21124B401BA19DEE00371CBA /* LaunchScreen.xib */ = {
			isa = PBXVariantGroup;
			children = (
				21124B411BA19DEE00371CBA /* Base */,
			);
			name = LaunchScreen.xib;
			sourceTree = "<group>";
		};
/* End PBXVariantGroup section */

/* Begin XCBuildConfiguration section */
		21124B4F1BA19DEE00371CBA /* Debug */ = {
			isa = XCBuildConfiguration;
			buildSettings = {
				ALWAYS_SEARCH_USER_PATHS = NO;
				CLANG_CXX_LANGUAGE_STANDARD = "gnu++0x";
				CLANG_CXX_LIBRARY = "libc++";
				CLANG_ENABLE_MODULES = YES;
				CLANG_ENABLE_OBJC_ARC = YES;
				CLANG_WARN_BOOL_CONVERSION = YES;
				CLANG_WARN_CONSTANT_CONVERSION = YES;
				CLANG_WARN_DIRECT_OBJC_ISA_USAGE = YES_ERROR;
				CLANG_WARN_EMPTY_BODY = YES;
				CLANG_WARN_ENUM_CONVERSION = YES;
				CLANG_WARN_INT_CONVERSION = YES;
				CLANG_WARN_OBJC_ROOT_CLASS = YES_ERROR;
				CLANG_WARN_UNREACHABLE_CODE = YES;
				CLANG_WARN__DUPLICATE_METHOD_MATCH = YES;
				"CODE_SIGN_IDENTITY[sdk=iphoneos*]" = "iPhone Developer";
				COPY_PHASE_STRIP = NO;
				DEBUG_INFORMATION_FORMAT = "dwarf-with-dsym";
				ENABLE_STRICT_OBJC_MSGSEND = YES;
				GCC_C_LANGUAGE_STANDARD = gnu99;
				GCC_DYNAMIC_NO_PIC = NO;
				GCC_NO_COMMON_BLOCKS = YES;
				GCC_OPTIMIZATION_LEVEL = 0;
				GCC_PREPROCESSOR_DEFINITIONS = (
					"DEBUG=1",
					"$(inherited)",
				);
				GCC_SYMBOLS_PRIVATE_EXTERN = NO;
				GCC_WARN_64_TO_32_BIT_CONVERSION = YES;
				GCC_WARN_ABOUT_RETURN_TYPE = YES_ERROR;
				GCC_WARN_UNDECLARED_SELECTOR = YES;
				GCC_WARN_UNINITIALIZED_AUTOS = YES_AGGRESSIVE;
				GCC_WARN_UNUSED_FUNCTION = YES;
				GCC_WARN_UNUSED_VARIABLE = YES;
				IPHONEOS_DEPLOYMENT_TARGET = 8.4;
				MTL_ENABLE_DEBUG_INFO = YES;
				ONLY_ACTIVE_ARCH = YES;
				SDKROOT = iphoneos;
				TARGETED_DEVICE_FAMILY = "1,2";
			};
			name = Debug;
		};
		21124B501BA19DEE00371CBA /* Release */ = {
			isa = XCBuildConfiguration;
			buildSettings = {
				ALWAYS_SEARCH_USER_PATHS = NO;
				CLANG_CXX_LANGUAGE_STANDARD = "gnu++0x";
				CLANG_CXX_LIBRARY = "libc++";
				CLANG_ENABLE_MODULES = YES;
				CLANG_ENABLE_OBJC_ARC = YES;
				CLANG_WARN_BOOL_CONVERSION = YES;
				CLANG_WARN_CONSTANT_CONVERSION = YES;
				CLANG_WARN_DIRECT_OBJC_ISA_USAGE = YES_ERROR;
				CLANG_WARN_EMPTY_BODY = YES;
				CLANG_WARN_ENUM_CONVERSION = YES;
				CLANG_WARN_INT_CONVERSION = YES;
				CLANG_WARN_OBJC_ROOT_CLASS = YES_ERROR;
				CLANG_WARN_UNREACHABLE_CODE = YES;
				CLANG_WARN__DUPLICATE_METHOD_MATCH = YES;
				"CODE_SIGN_IDENTITY[sdk=iphoneos*]" = "iPhone Developer";
				COPY_PHASE_STRIP = NO;
				DEBUG_INFORMATION_FORMAT = "dwarf-with-dsym";
				ENABLE_NS_ASSERTIONS = NO;
				ENABLE_STRICT_OBJC_MSGSEND = YES;
				GCC_C_LANGUAGE_STANDARD = gnu99;
				GCC_NO_COMMON_BLOCKS = YES;
				GCC_WARN_64_TO_32_BIT_CONVERSION = YES;
				GCC_WARN_ABOUT_RETURN_TYPE = YES_ERROR;
				GCC_WARN_UNDECLARED_SELECTOR = YES;
				GCC_WARN_UNINITIALIZED_AUTOS = YES_AGGRESSIVE;
				GCC_WARN_UNUSED_FUNCTION = YES;
				GCC_WARN_UNUSED_VARIABLE = YES;
				IPHONEOS_DEPLOYMENT_TARGET = 8.4;
				MTL_ENABLE_DEBUG_INFO = NO;
				SDKROOT = iphoneos;
				TARGETED_DEVICE_FAMILY = "1,2";
				VALIDATE_PRODUCT = YES;
			};
			name = Release;
		};
		21124B521BA19DEE00371CBA /* Debug */ = {
			isa = XCBuildConfiguration;
			buildSettings = {
				ASSETCATALOG_COMPILER_APPICON_NAME = AppIcon;
				INFOPLIST_FILE = "UI通讯录/Info.plist";
				LD_RUNPATH_SEARCH_PATHS = "$(inherited) @executable_path/Frameworks";
				PRODUCT_NAME = "$(TARGET_NAME)";
			};
			name = Debug;
		};
		21124B531BA19DEE00371CBA /* Release */ = {
			isa = XCBuildConfiguration;
			buildSettings = {
				ASSETCATALOG_COMPILER_APPICON_NAME = AppIcon;
				INFOPLIST_FILE = "UI通讯录/Info.plist";
				LD_RUNPATH_SEARCH_PATHS = "$(inherited) @executable_path/Frameworks";
				PRODUCT_NAME = "$(TARGET_NAME)";
			};
			name = Release;
		};
		21124B551BA19DEE00371CBA /* Debug */ = {
			isa = XCBuildConfiguration;
			buildSettings = {
				BUNDLE_LOADER = "$(TEST_HOST)";
				FRAMEWORK_SEARCH_PATHS = (
					"$(SDKROOT)/Developer/Library/Frameworks",
					"$(inherited)",
				);
				GCC_PREPROCESSOR_DEFINITIONS = (
					"DEBUG=1",
					"$(inherited)",
				);
				INFOPLIST_FILE = "UI通讯录Tests/Info.plist";
				LD_RUNPATH_SEARCH_PATHS = "$(inherited) @executable_path/Frameworks @loader_path/Frameworks";
				PRODUCT_NAME = "$(TARGET_NAME)";
				TEST_HOST = "$(BUILT_PRODUCTS_DIR)/UI通讯录.app/UI通讯录";
			};
			name = Debug;
		};
		21124B561BA19DEE00371CBA /* Release */ = {
			isa = XCBuildConfiguration;
			buildSettings = {
				BUNDLE_LOADER = "$(TEST_HOST)";
				FRAMEWORK_SEARCH_PATHS = (
					"$(SDKROOT)/Developer/Library/Frameworks",
					"$(inherited)",
				);
				INFOPLIST_FILE = "UI通讯录Tests/Info.plist";
				LD_RUNPATH_SEARCH_PATHS = "$(inherited) @executable_path/Frameworks @loader_path/Frameworks";
				PRODUCT_NAME = "$(TARGET_NAME)";
				TEST_HOST = "$(BUILT_PRODUCTS_DIR)/UI通讯录.app/UI通讯录";
			};
			name = Release;
		};
/* End XCBuildConfiguration section */

/* Begin XCConfigurationList section */
		21124B291BA19DEE00371CBA /* Build configuration list for PBXProject "UI通讯录" */ = {
			isa = XCConfigurationList;
			buildConfigurations = (
				21124B4F1BA19DEE00371CBA /* Debug */,
				21124B501BA19DEE00371CBA /* Release */,
			);
			defaultConfigurationIsVisible = 0;
			defaultConfigurationName = Release;
		};
		21124B511BA19DEE00371CBA /* Build configuration list for PBXNativeTarget "UI通讯录" */ = {
			isa = XCConfigurationList;
			buildConfigurations = (
				21124B521BA19DEE00371CBA /* Debug */,
				21124B531BA19DEE00371CBA /* Release */,
			);
			defaultConfigurationIsVisible = 0;
		};
		21124B541BA19DEE00371CBA /* Build configuration list for PBXNativeTarget "UI通讯录Tests" */ = {
			isa = XCConfigurationList;
			buildConfigurations = (
				21124B551BA19DEE00371CBA /* Debug */,
				21124B561BA19DEE00371CBA /* Release */,
			);
			defaultConfigurationIsVisible = 0;
		};
/* End XCConfigurationList section */
	};
	rootObject = 21124B261BA19DEE00371CBA /* Project object */;
}
